
Microsoft Visual Studio Solution File, Format Version 12.00
# Visual Studio Version 16
VisualStudioVersion = 16.0.30717.126
MinimumVisualStudioVersion = 10.0.40219.1
Project("{FAE04EC0-301F-11D3-BF4B-00C04F79EFBC}") = "Jass", "Jass\Jass.csproj", "{CB6D1E2D-3FD8-43E5-B313-37EC71937308}"
EndProject
Global
	GlobalSection(SolutionConfigurationPlatforms) = preSolution
		Debug|Any CPU = Debug|Any CPU
		Release|Any CPU = Release|Any CPU
	EndGlobalSection
	GlobalSection(ProjectConfigurationPlatforms) = postSolution
		{CB6D1E2D-3FD8-43E5-B313-37EC71937308}.Debug|Any CPU.ActiveCfg = Debug|Any CPU
		{CB6D1E2D-3FD8-43E5-B313-37EC71937308}.Debug|Any CPU.Build.0 = Debug|Any CPU
		{CB6D1E2D-3FD8-43E5-B313-37EC71937308}.Release|Any CPU.ActiveCfg = Release|Any CPU
		{CB6D1E2D-3FD8-43E5-B313-37EC71937308}.Release|Any CPU.Build.0 = Release|Any CPU
	EndGlobalSection
	GlobalSection(SolutionProperties) = preSolution
		HideSolutionNode = FALSE
	EndGlobalSection
	GlobalSection(ExtensibilityGlobals) = postSolution
		SolutionGuid = {23E62883-84EF-40CE-8E8A-5E5B67079CAE}
	EndGlobalSection
EndGlobal
